
Microsoft Visual Studio Solution File, Format Version 12.00
# Visual Studio 15
VisualStudioVersion = 15.0.28010.2019
MinimumVisualStudioVersion = 10.0.40219.1
Project("{FAE04EC0-301F-11D3-BF4B-00C04F79EFBC}") = "Task", "Task\Task.csproj", "{DEF76AF9-81DA-451C-B808-31EAD859C6AF}"
EndProject
Global
	GlobalSection(SolutionConfigurationPlatforms) = preSolution
		Debug|Any CPU = Debug|Any CPU
		Release|Any CPU = Release|Any CPU
	EndGlobalSection
	GlobalSection(ProjectConfigurationPlatforms) = postSolution
		{DEF76AF9-81DA-451C-B808-31EAD859C6AF}.Debug|Any CPU.ActiveCfg = Debug|Any CPU
		{DEF76AF9-81DA-451C-B808-31EAD859C6AF}.Debug|Any CPU.Build.0 = Debug|Any CPU
		{DEF76AF9-81DA-451C-B808-31EAD859C6AF}.Release|Any CPU.ActiveCfg = Release|Any CPU
		{DEF76AF9-81DA-451C-B808-31EAD859C6AF}.Release|Any CPU.Build.0 = Release|Any CPU
	EndGlobalSection
	GlobalSection(SolutionProperties) = preSolution
		HideSolutionNode = FALSE
	EndGlobalSection
	GlobalSection(ExtensibilityGlobals) = postSolution
		SolutionGuid = {BFD22B47-1A3F-487D-823E-E1781CE58093}
	EndGlobalSection
EndGlobal
